
Microsoft Visual Studio Solution File, Format Version 12.00
# Visual Studio Version 16
VisualStudioVersion = 16.0.30011.22
MinimumVisualStudioVersion = 10.0.40219.1
Project("{9A19103F-16F7-4668-BE54-9A1E7A4F7556}") = "TestTaskForScience", "TestTaskForScience\TestTaskForScience.csproj", "{55CF82A9-E702-4FE8-A98E-6EF443A6B03F}"
EndProject
Project("{9A19103F-16F7-4668-BE54-9A1E7A4F7556}") = "DAL.Entities", "DAL.Entities\DAL.Entities.csproj", "{BBA1AEE5-4FCB-4D94-BFDF-56BA616CE550}"
EndProject
Project("{9A19103F-16F7-4668-BE54-9A1E7A4F7556}") = "BLL", "BLL\BLL.csproj", "{9A02019C-87A1-4974-855D-7746782D2B4C}"
EndProject
Project("{9A19103F-16F7-4668-BE54-9A1E7A4F7556}") = "BLL.Models", "BLL.Models\BLL.Models.csproj", "{5B6EA3F9-ADFF-45E5-B5F2-42B497A38CC8}"
EndProject
Project("{9A19103F-16F7-4668-BE54-9A1E7A4F7556}") = "DAL", "DAL\DAL.csproj", "{FA2E9C61-C52A-494D-84FD-161FD78582AD}"
EndProject
Global
	GlobalSection(SolutionConfigurationPlatforms) = preSolution
		Debug|Any CPU = Debug|Any CPU
		Release|Any CPU = Release|Any CPU
	EndGlobalSection
	GlobalSection(ProjectConfigurationPlatforms) = postSolution
		{55CF82A9-E702-4FE8-A98E-6EF443A6B03F}.Debug|Any CPU.ActiveCfg = Debug|Any CPU
		{55CF82A9-E702-4FE8-A98E-6EF443A6B03F}.Debug|Any CPU.Build.0 = Debug|Any CPU
		{55CF82A9-E702-4FE8-A98E-6EF443A6B03F}.Release|Any CPU.ActiveCfg = Release|Any CPU
		{55CF82A9-E702-4FE8-A98E-6EF443A6B03F}.Release|Any CPU.Build.0 = Release|Any CPU
		{BBA1AEE5-4FCB-4D94-BFDF-56BA616CE550}.Debug|Any CPU.ActiveCfg = Debug|Any CPU
		{BBA1AEE5-4FCB-4D94-BFDF-56BA616CE550}.Debug|Any CPU.Build.0 = Debug|Any CPU
		{BBA1AEE5-4FCB-4D94-BFDF-56BA616CE550}.Release|Any CPU.ActiveCfg = Release|Any CPU
		{BBA1AEE5-4FCB-4D94-BFDF-56BA616CE550}.Release|Any CPU.Build.0 = Release|Any CPU
		{9A02019C-87A1-4974-855D-7746782D2B4C}.Debug|Any CPU.ActiveCfg = Debug|Any CPU
		{9A02019C-87A1-4974-855D-7746782D2B4C}.Debug|Any CPU.Build.0 = Debug|Any CPU
		{9A02019C-87A1-4974-855D-7746782D2B4C}.Release|Any CPU.ActiveCfg = Release|Any CPU
		{9A02019C-87A1-4974-855D-7746782D2B4C}.Release|Any CPU.Build.0 = Release|Any CPU
		{5B6EA3F9-ADFF-45E5-B5F2-42B497A38CC8}.Debug|Any CPU.ActiveCfg = Debug|Any CPU
		{5B6EA3F9-ADFF-45E5-B5F2-42B497A38CC8}.Debug|Any CPU.Build.0 = Debug|Any CPU
		{5B6EA3F9-ADFF-45E5-B5F2-42B497A38CC8}.Release|Any CPU.ActiveCfg = Release|Any CPU
		{5B6EA3F9-ADFF-45E5-B5F2-42B497A38CC8}.Release|Any CPU.Build.0 = Release|Any CPU
		{FA2E9C61-C52A-494D-84FD-161FD78582AD}.Debug|Any CPU.ActiveCfg = Debug|Any CPU
		{FA2E9C61-C52A-494D-84FD-161FD78582AD}.Debug|Any CPU.Build.0 = Debug|Any CPU
		{FA2E9C61-C52A-494D-84FD-161FD78582AD}.Release|Any CPU.ActiveCfg = Release|Any CPU
		{FA2E9C61-C52A-494D-84FD-161FD78582AD}.Release|Any CPU.Build.0 = Release|Any CPU
	EndGlobalSection
	GlobalSection(SolutionProperties) = preSolution
		HideSolutionNode = FALSE
	EndGlobalSection
	GlobalSection(ExtensibilityGlobals) = postSolution
		SolutionGuid = {383CC00D-BB6B-4B9E-A8EA-9A48AC4762B4}
	EndGlobalSection
EndGlobal
